// !$*UTF8*$!
{
	archiveVersion = 1;
	classes = {
	};
	objectVersion = 46;
	objects = {

/* Begin PBXBuildFile section */
		2547C87EC17E42A9BC79A359 /* Pods_AJOAuth2.framework in Frameworks */ = {isa = PBXBuildFile; fileRef = 7F54441420E54454759C0EC9 /* Pods_AJOAuth2.framework */; };
		381952731E31F6F900ACB611 /* HomeViewController.xib in Resources */ = {isa = PBXBuildFile; fileRef = 381952721E31F6F900ACB611 /* HomeViewController.xib */; };
		381952771E32122B00ACB611 /* LoginViewController.m in Sources */ = {isa = PBXBuildFile; fileRef = 381952751E32122B00ACB611 /* LoginViewController.m */; };
		381952781E32122B00ACB611 /* LoginViewController.xib in Resources */ = {isa = PBXBuildFile; fileRef = 381952761E32122B00ACB611 /* LoginViewController.xib */; };
		3819527F1E32124E00ACB611 /* SignupViewController.m in Sources */ = {isa = PBXBuildFile; fileRef = 3819527D1E32124E00ACB611 /* SignupViewController.m */; };
		381952801E32124E00ACB611 /* SignupViewController.xib in Resources */ = {isa = PBXBuildFile; fileRef = 3819527E1E32124E00ACB611 /* SignupViewController.xib */; };
		381952841E3219E300ACB611 /* ForgotPasswordViewController.m in Sources */ = {isa = PBXBuildFile; fileRef = 381952821E3219E300ACB611 /* ForgotPasswordViewController.m */; };
		381952851E3219E300ACB611 /* ForgotPasswordViewController.xib in Resources */ = {isa = PBXBuildFile; fileRef = 381952831E3219E300ACB611 /* ForgotPasswordViewController.xib */; };
		381952881E3243D000ACB611 /* hi.json in Resources */ = {isa = PBXBuildFile; fileRef = 381952871E3243D000ACB611 /* hi.json */; };
		381A7DFF1E48594200DD48C4 /* EditProfileViewController.m in Sources */ = {isa = PBXBuildFile; fileRef = 381A7DFD1E48594200DD48C4 /* EditProfileViewController.m */; };
		381A7E001E48594200DD48C4 /* EditProfileViewController.xib in Resources */ = {isa = PBXBuildFile; fileRef = 381A7DFE1E48594200DD48C4 /* EditProfileViewController.xib */; };
		381A7E041E4863CD00DD48C4 /* ChangePasswordViewController.m in Sources */ = {isa = PBXBuildFile; fileRef = 381A7E021E4863CD00DD48C4 /* ChangePasswordViewController.m */; };
		381A7E051E4863CD00DD48C4 /* ChangePasswordViewController.xib in Resources */ = {isa = PBXBuildFile; fileRef = 381A7E031E4863CD00DD48C4 /* ChangePasswordViewController.xib */; };
		38CE70BC1E309514009195D9 /* main.m in Sources */ = {isa = PBXBuildFile; fileRef = 38CE70BB1E309514009195D9 /* main.m */; };
		38CE70BF1E309514009195D9 /* AppDelegate.m in Sources */ = {isa = PBXBuildFile; fileRef = 38CE70BE1E309514009195D9 /* AppDelegate.m */; };
		38CE70C51E309514009195D9 /* Main.storyboard in Resources */ = {isa = PBXBuildFile; fileRef = 38CE70C31E309514009195D9 /* Main.storyboard */; };
		38CE70C71E309514009195D9 /* Assets.xcassets in Resources */ = {isa = PBXBuildFile; fileRef = 38CE70C61E309514009195D9 /* Assets.xcassets */; };
		38CE70CA1E309514009195D9 /* LaunchScreen.storyboard in Resources */ = {isa = PBXBuildFile; fileRef = 38CE70C81E309514009195D9 /* LaunchScreen.storyboard */; };
		38CE70D51E309514009195D9 /* AJOAuth2Tests.m in Sources */ = {isa = PBXBuildFile; fileRef = 38CE70D41E309514009195D9 /* AJOAuth2Tests.m */; };
		38CE70E01E309514009195D9 /* AJOAuth2UITests.m in Sources */ = {isa = PBXBuildFile; fileRef = 38CE70DF1E309514009195D9 /* AJOAuth2UITests.m */; };
		38CE70F31E30A7FE009195D9 /* README.md in Resources */ = {isa = PBXBuildFile; fileRef = 38CE70F11E30A7FE009195D9 /* README.md */; };
		38CE71251E30C69F009195D9 /* en.json in Resources */ = {isa = PBXBuildFile; fileRef = 38CE71241E30C69F009195D9 /* en.json */; };
		38CE71311E30C800009195D9 /* HomeViewController.m in Sources */ = {isa = PBXBuildFile; fileRef = 38CE71301E30C800009195D9 /* HomeViewController.m */; };
		38DC4FC81E35ECED00C7FA3F /* LeftViewCell.m in Sources */ = {isa = PBXBuildFile; fileRef = 38DC4FBD1E35ECED00C7FA3F /* LeftViewCell.m */; };
		38DC4FC91E35ECED00C7FA3F /* LeftViewController.m in Sources */ = {isa = PBXBuildFile; fileRef = 38DC4FBF1E35ECED00C7FA3F /* LeftViewController.m */; };
		38DC4FD01E35ED1100C7FA3F /* CenterViewController.m in Sources */ = {isa = PBXBuildFile; fileRef = 38DC4FCF1E35ED1100C7FA3F /* CenterViewController.m */; };
		38F7E87C1E3624F6006041DC /* Helper.m in Sources */ = {isa = PBXBuildFile; fileRef = 38F7E87B1E3624F6006041DC /* Helper.m */; };
		38F7E8801E364452006041DC /* User.m in Sources */ = {isa = PBXBuildFile; fileRef = 38F7E87F1E364452006041DC /* User.m */; };
		38F7E8841E36983E006041DC /* ProfileViewController.m in Sources */ = {isa = PBXBuildFile; fileRef = 38F7E8821E36983E006041DC /* ProfileViewController.m */; };
		38F7E8851E36983E006041DC /* ProfileViewController.xib in Resources */ = {isa = PBXBuildFile; fileRef = 38F7E8831E36983E006041DC /* ProfileViewController.xib */; };
		71E43EDC6DDBA98C20B1F77B /* Pods_AJOAuth2Tests.framework in Frameworks */ = {isa = PBXBuildFile; fileRef = ECD6C81F7B9D71FBD3A0206C /* Pods_AJOAuth2Tests.framework */; };
		72EDEC766F53989F810272BD /* Pods_AJOAuth2UITests.framework in Frameworks */ = {isa = PBXBuildFile; fileRef = AC79854CEDD4329E4DC18B57 /* Pods_AJOAuth2UITests.framework */; };
/* End PBXBuildFile section */

/* Begin PBXContainerItemProxy section */
		38CE70D11E309514009195D9 /* PBXContainerItemProxy */ = {
			isa = PBXContainerItemProxy;
			containerPortal = 38CE70AF1E309514009195D9 /* Project object */;
			proxyType = 1;
			remoteGlobalIDString = 38CE70B61E309514009195D9;
			remoteInfo = AJOAuth2;
		};
		38CE70DC1E309514009195D9 /* PBXContainerItemProxy */ = {
			isa = PBXContainerItemProxy;
			containerPortal = 38CE70AF1E309514009195D9 /* Project object */;
			proxyType = 1;
			remoteGlobalIDString = 38CE70B61E309514009195D9;
			remoteInfo = AJOAuth2;
		};
/* End PBXContainerItemProxy section */

/* Begin PBXFileReference section */
		32CFBDDB65C5AFD955798714 /* Pods-AJOAuth2.release.xcconfig */ = {isa = PBXFileReference; includeInIndex = 1; lastKnownFileType = text.xcconfig; name = "Pods-AJOAuth2.release.xcconfig"; path = "Pods/Target Support Files/Pods-AJOAuth2/Pods-AJOAuth2.release.xcconfig"; sourceTree = "<group>"; };
		381952721E31F6F900ACB611 /* HomeViewController.xib */ = {isa = PBXFileReference; fileEncoding = 4; lastKnownFileType = file.xib; path = HomeViewController.xib; sourceTree = "<group>"; };
		381952741E32122B00ACB611 /* LoginViewController.h */ = {isa = PBXFileReference; fileEncoding = 4; lastKnownFileType = sourcecode.c.h; path = LoginViewController.h; sourceTree = "<group>"; };
		381952751E32122B00ACB611 /* LoginViewController.m */ = {isa = PBXFileReference; fileEncoding = 4; lastKnownFileType = sourcecode.c.objc; lineEnding = 0; path = LoginViewController.m; sourceTree = "<group>"; xcLanguageSpecificationIdentifier = xcode.lang.objc; };
		381952761E32122B00ACB611 /* LoginViewController.xib */ = {isa = PBXFileReference; fileEncoding = 4; lastKnownFileType = file.xib; path = LoginViewController.xib; sourceTree = "<group>"; };
		3819527C1E32124E00ACB611 /* SignupViewController.h */ = {isa = PBXFileReference; fileEncoding = 4; lastKnownFileType = sourcecode.c.h; path = SignupViewController.h; sourceTree = "<group>"; };
		3819527D1E32124E00ACB611 /* SignupViewController.m */ = {isa = PBXFileReference; fileEncoding = 4; lastKnownFileType = sourcecode.c.objc; lineEnding = 0; path = SignupViewController.m; sourceTree = "<group>"; xcLanguageSpecificationIdentifier = xcode.lang.objc; };
		3819527E1E32124E00ACB611 /* SignupViewController.xib */ = {isa = PBXFileReference; fileEncoding = 4; lastKnownFileType = file.xib; path = SignupViewController.xib; sourceTree = "<group>"; };
		381952811E3219E300ACB611 /* ForgotPasswordViewController.h */ = {isa = PBXFileReference; fileEncoding = 4; lastKnownFileType = sourcecode.c.h; path = ForgotPasswordViewController.h; sourceTree = "<group>"; };
		381952821E3219E300ACB611 /* ForgotPasswordViewController.m */ = {isa = PBXFileReference; fileEncoding = 4; lastKnownFileType = sourcecode.c.objc; lineEnding = 0; path = ForgotPasswordViewController.m; sourceTree = "<group>"; xcLanguageSpecificationIdentifier = xcode.lang.objc; };
		381952831E3219E300ACB611 /* ForgotPasswordViewController.xib */ = {isa = PBXFileReference; fileEncoding = 4; lastKnownFileType = file.xib; path = ForgotPasswordViewController.xib; sourceTree = "<group>"; };
		381952871E3243D000ACB611 /* hi.json */ = {isa = PBXFileReference; fileEncoding = 4; lastKnownFileType = text.json; path = hi.json; sourceTree = "<group>"; };
		381A7DFC1E48594200DD48C4 /* EditProfileViewController.h */ = {isa = PBXFileReference; fileEncoding = 4; lastKnownFileType = sourcecode.c.h; path = EditProfileViewController.h; sourceTree = "<group>"; };
		381A7DFD1E48594200DD48C4 /* EditProfileViewController.m */ = {isa = PBXFileReference; fileEncoding = 4; lastKnownFileType = sourcecode.c.objc; lineEnding = 0; path = EditProfileViewController.m; sourceTree = "<group>"; xcLanguageSpecificationIdentifier = xcode.lang.objc; };
		381A7DFE1E48594200DD48C4 /* EditProfileViewController.xib */ = {isa = PBXFileReference; fileEncoding = 4; lastKnownFileType = file.xib; path = EditProfileViewController.xib; sourceTree = "<group>"; };
		381A7E011E4863CD00DD48C4 /* ChangePasswordViewController.h */ = {isa = PBXFileReference; fileEncoding = 4; lastKnownFileType = sourcecode.c.h; path = ChangePasswordViewController.h; sourceTree = "<group>"; };
		381A7E021E4863CD00DD48C4 /* ChangePasswordViewController.m */ = {isa = PBXFileReference; fileEncoding = 4; lastKnownFileType = sourcecode.c.objc; lineEnding = 0; path = ChangePasswordViewController.m; sourceTree = "<group>"; xcLanguageSpecificationIdentifier = xcode.lang.objc; };
		381A7E031E4863CD00DD48C4 /* ChangePasswordViewController.xib */ = {isa = PBXFileReference; fileEncoding = 4; lastKnownFileType = file.xib; path = ChangePasswordViewController.xib; sourceTree = "<group>"; };
		38CE70B71E309514009195D9 /* AJOAuth2.app */ = {isa = PBXFileReference; explicitFileType = wrapper.application; includeInIndex = 0; path = AJOAuth2.app; sourceTree = BUILT_PRODUCTS_DIR; };
		38CE70BB1E309514009195D9 /* main.m */ = {isa = PBXFileReference; lastKnownFileType = sourcecode.c.objc; path = main.m; sourceTree = "<group>"; };
		38CE70BD1E309514009195D9 /* AppDelegate.h */ = {isa = PBXFileReference; lastKnownFileType = sourcecode.c.h; path = AppDelegate.h; sourceTree = "<group>"; };
		38CE70BE1E309514009195D9 /* AppDelegate.m */ = {isa = PBXFileReference; lastKnownFileType = sourcecode.c.objc; lineEnding = 0; path = AppDelegate.m; sourceTree = "<group>"; xcLanguageSpecificationIdentifier = xcode.lang.objc; };
		38CE70C41E309514009195D9 /* Base */ = {isa = PBXFileReference; lastKnownFileType = file.storyboard; name = Base; path = Base.lproj/Main.storyboard; sourceTree = "<group>"; };
		38CE70C61E309514009195D9 /* Assets.xcassets */ = {isa = PBXFileReference; lastKnownFileType = folder.assetcatalog; path = Assets.xcassets; sourceTree = "<group>"; };
		38CE70C91E309514009195D9 /* Base */ = {isa = PBXFileReference; lastKnownFileType = file.storyboard; name = Base; path = Base.lproj/LaunchScreen.storyboard; sourceTree = "<group>"; };
		38CE70CB1E309514009195D9 /* Info.plist */ = {isa = PBXFileReference; lastKnownFileType = text.plist.xml; path = Info.plist; sourceTree = "<group>"; };
		38CE70D01E309514009195D9 /* AJOAuth2Tests.xctest */ = {isa = PBXFileReference; explicitFileType = wrapper.cfbundle; includeInIndex = 0; path = AJOAuth2Tests.xctest; sourceTree = BUILT_PRODUCTS_DIR; };
		38CE70D41E309514009195D9 /* AJOAuth2Tests.m */ = {isa = PBXFileReference; lastKnownFileType = sourcecode.c.objc; path = AJOAuth2Tests.m; sourceTree = "<group>"; };
		38CE70D61E309514009195D9 /* Info.plist */ = {isa = PBXFileReference; lastKnownFileType = text.plist.xml; path = Info.plist; sourceTree = "<group>"; };
		38CE70DB1E309514009195D9 /* AJOAuth2UITests.xctest */ = {isa = PBXFileReference; explicitFileType = wrapper.cfbundle; includeInIndex = 0; path = AJOAuth2UITests.xctest; sourceTree = BUILT_PRODUCTS_DIR; };
		38CE70DF1E309514009195D9 /* AJOAuth2UITests.m */ = {isa = PBXFileReference; lastKnownFileType = sourcecode.c.objc; path = AJOAuth2UITests.m; sourceTree = "<group>"; };
		38CE70E11E309514009195D9 /* Info.plist */ = {isa = PBXFileReference; lastKnownFileType = text.plist.xml; path = Info.plist; sourceTree = "<group>"; };
		38CE70F11E30A7FE009195D9 /* README.md */ = {isa = PBXFileReference; fileEncoding = 4; lastKnownFileType = net.daringfireball.markdown; path = README.md; sourceTree = "<group>"; };
		38CE71221E30C69F009195D9 /* Constants.h */ = {isa = PBXFileReference; fileEncoding = 4; lastKnownFileType = sourcecode.c.h; lineEnding = 0; path = Constants.h; sourceTree = "<group>"; xcLanguageSpecificationIdentifier = xcode.lang.objcpp; };
		38CE71231E30C69F009195D9 /* PrefixHeader.pch */ = {isa = PBXFileReference; fileEncoding = 4; lastKnownFileType = sourcecode.c.h; path = PrefixHeader.pch; sourceTree = "<group>"; };
		38CE71241E30C69F009195D9 /* en.json */ = {isa = PBXFileReference; fileEncoding = 4; lastKnownFileType = text.json; lineEnding = 0; path = en.json; sourceTree = "<group>"; xcLanguageSpecificationIdentifier = xcode.lang.javascript; };
		38CE712F1E30C800009195D9 /* HomeViewController.h */ = {isa = PBXFileReference; fileEncoding = 4; lastKnownFileType = sourcecode.c.h; path = HomeViewController.h; sourceTree = "<group>"; };
		38CE71301E30C800009195D9 /* HomeViewController.m */ = {isa = PBXFileReference; fileEncoding = 4; lastKnownFileType = sourcecode.c.objc; lineEnding = 0; path = HomeViewController.m; sourceTree = "<group>"; xcLanguageSpecificationIdentifier = xcode.lang.objc; };
		38DC4FBC1E35ECED00C7FA3F /* LeftViewCell.h */ = {isa = PBXFileReference; fileEncoding = 4; lastKnownFileType = sourcecode.c.h; path = LeftViewCell.h; sourceTree = "<group>"; };
		38DC4FBD1E35ECED00C7FA3F /* LeftViewCell.m */ = {isa = PBXFileReference; fileEncoding = 4; lastKnownFileType = sourcecode.c.objc; path = LeftViewCell.m; sourceTree = "<group>"; };
		38DC4FBE1E35ECED00C7FA3F /* LeftViewController.h */ = {isa = PBXFileReference; fileEncoding = 4; lastKnownFileType = sourcecode.c.h; path = LeftViewController.h; sourceTree = "<group>"; };
		38DC4FBF1E35ECED00C7FA3F /* LeftViewController.m */ = {isa = PBXFileReference; fileEncoding = 4; lastKnownFileType = sourcecode.c.objc; lineEnding = 0; path = LeftViewController.m; sourceTree = "<group>"; xcLanguageSpecificationIdentifier = xcode.lang.objc; };
		38DC4FCE1E35ED1100C7FA3F /* CenterViewController.h */ = {isa = PBXFileReference; fileEncoding = 4; lastKnownFileType = sourcecode.c.h; path = CenterViewController.h; sourceTree = "<group>"; };
		38DC4FCF1E35ED1100C7FA3F /* CenterViewController.m */ = {isa = PBXFileReference; fileEncoding = 4; lastKnownFileType = sourcecode.c.objc; lineEnding = 0; path = CenterViewController.m; sourceTree = "<group>"; xcLanguageSpecificationIdentifier = xcode.lang.objc; };
		38F7E87A1E3624F6006041DC /* Helper.h */ = {isa = PBXFileReference; fileEncoding = 4; lastKnownFileType = sourcecode.c.h; path = Helper.h; sourceTree = "<group>"; };
		38F7E87B1E3624F6006041DC /* Helper.m */ = {isa = PBXFileReference; fileEncoding = 4; lastKnownFileType = sourcecode.c.objc; path = Helper.m; sourceTree = "<group>"; };
		38F7E87E1E364452006041DC /* User.h */ = {isa = PBXFileReference; fileEncoding = 4; lastKnownFileType = sourcecode.c.h; path = User.h; sourceTree = "<group>"; };
		38F7E87F1E364452006041DC /* User.m */ = {isa = PBXFileReference; fileEncoding = 4; lastKnownFileType = sourcecode.c.objc; path = User.m; sourceTree = "<group>"; };
		38F7E8811E36983E006041DC /* ProfileViewController.h */ = {isa = PBXFileReference; fileEncoding = 4; lastKnownFileType = sourcecode.c.h; path = ProfileViewController.h; sourceTree = "<group>"; };
		38F7E8821E36983E006041DC /* ProfileViewController.m */ = {isa = PBXFileReference; fileEncoding = 4; lastKnownFileType = sourcecode.c.objc; lineEnding = 0; path = ProfileViewController.m; sourceTree = "<group>"; xcLanguageSpecificationIdentifier = xcode.lang.objc; };
		38F7E8831E36983E006041DC /* ProfileViewController.xib */ = {isa = PBXFileReference; fileEncoding = 4; lastKnownFileType = file.xib; path = ProfileViewController.xib; sourceTree = "<group>"; };
		6A517ED11854943A0AE8AB59 /* Pods-AJOAuth2UITests.debug.xcconfig */ = {isa = PBXFileReference; includeInIndex = 1; lastKnownFileType = text.xcconfig; name = "Pods-AJOAuth2UITests.debug.xcconfig"; path = "Pods/Target Support Files/Pods-AJOAuth2UITests/Pods-AJOAuth2UITests.debug.xcconfig"; sourceTree = "<group>"; };
		721B5967C8E86645C431B85D /* Pods-AJOAuth2UITests.release.xcconfig */ = {isa = PBXFileReference; includeInIndex = 1; lastKnownFileType = text.xcconfig; name = "Pods-AJOAuth2UITests.release.xcconfig"; path = "Pods/Target Support Files/Pods-AJOAuth2UITests/Pods-AJOAuth2UITests.release.xcconfig"; sourceTree = "<group>"; };
		7F54441420E54454759C0EC9 /* Pods_AJOAuth2.framework */ = {isa = PBXFileReference; explicitFileType = wrapper.framework; includeInIndex = 0; path = Pods_AJOAuth2.framework; sourceTree = BUILT_PRODUCTS_DIR; };
		A74E82F248A8D9483A6CE143 /* Pods-AJOAuth2Tests.release.xcconfig */ = {isa = PBXFileReference; includeInIndex = 1; lastKnownFileType = text.xcconfig; name = "Pods-AJOAuth2Tests.release.xcconfig"; path = "Pods/Target Support Files/Pods-AJOAuth2Tests/Pods-AJOAuth2Tests.release.xcconfig"; sourceTree = "<group>"; };
		A7C0D38D88CD2FAA9AF06842 /* Pods-AJOAuth2Tests.debug.xcconfig */ = {isa = PBXFileReference; includeInIndex = 1; lastKnownFileType = text.xcconfig; name = "Pods-AJOAuth2Tests.debug.xcconfig"; path = "Pods/Target Support Files/Pods-AJOAuth2Tests/Pods-AJOAuth2Tests.debug.xcconfig"; sourceTree = "<group>"; };
		AC79854CEDD4329E4DC18B57 /* Pods_AJOAuth2UITests.framework */ = {isa = PBXFileReference; explicitFileType = wrapper.framework; includeInIndex = 0; path = Pods_AJOAuth2UITests.framework; sourceTree = BUILT_PRODUCTS_DIR; };
		ECD6C81F7B9D71FBD3A0206C /* Pods_AJOAuth2Tests.framework */ = {isa = PBXFileReference; explicitFileType = wrapper.framework; includeInIndex = 0; path = Pods_AJOAuth2Tests.framework; sourceTree = BUILT_PRODUCTS_DIR; };
		ED275739A825230D6B9EDDC2 /* Pods-AJOAuth2.debug.xcconfig */ = {isa = PBXFileReference; includeInIndex = 1; lastKnownFileType = text.xcconfig; name = "Pods-AJOAuth2.debug.xcconfig"; path = "Pods/Target Support Files/Pods-AJOAuth2/Pods-AJOAuth2.debug.xcconfig"; sourceTree = "<group>"; };
/* End PBXFileReference section */

/* Begin PBXFrameworksBuildPhase section */
		38CE70B41E309514009195D9 /* Frameworks */ = {
			isa = PBXFrameworksBuildPhase;
			buildActionMask = 2147483647;
			files = (
				2547C87EC17E42A9BC79A359 /* Pods_AJOAuth2.framework in Frameworks */,
			);
			runOnlyForDeploymentPostprocessing = 0;
		};
		38CE70CD1E309514009195D9 /* Frameworks */ = {
			isa = PBXFrameworksBuildPhase;
			buildActionMask = 2147483647;
			files = (
				71E43EDC6DDBA98C20B1F77B /* Pods_AJOAuth2Tests.framework in Frameworks */,
			);
			runOnlyForDeploymentPostprocessing = 0;
		};
		38CE70D81E309514009195D9 /* Frameworks */ = {
			isa = PBXFrameworksBuildPhase;
			buildActionMask = 2147483647;
			files = (
				72EDEC766F53989F810272BD /* Pods_AJOAuth2UITests.framework in Frameworks */,
			);
			runOnlyForDeploymentPostprocessing = 0;
		};
/* End PBXFrameworksBuildPhase section */

/* Begin PBXGroup section */
		38CE70AE1E309514009195D9 = {
			isa = PBXGroup;
			children = (
				38CE70F11E30A7FE009195D9 /* README.md */,
				38CE70B91E309514009195D9 /* AJOAuth2 */,
				38CE70D31E309514009195D9 /* AJOAuth2Tests */,
				38CE70DE1E309514009195D9 /* AJOAuth2UITests */,
				38CE70B81E309514009195D9 /* Products */,
				DD2D47D20A4064FDE8507E77 /* Pods */,
				6A7DE0822C41CE98723DBC22 /* Frameworks */,
			);
			sourceTree = "<group>";
		};
		38CE70B81E309514009195D9 /* Products */ = {
			isa = PBXGroup;
			children = (
				38CE70B71E309514009195D9 /* AJOAuth2.app */,
				38CE70D01E309514009195D9 /* AJOAuth2Tests.xctest */,
				38CE70DB1E309514009195D9 /* AJOAuth2UITests.xctest */,
			);
			name = Products;
			sourceTree = "<group>";
		};
		38CE70B91E309514009195D9 /* AJOAuth2 */ = {
			isa = PBXGroup;
			children = (
				38F7E87D1E364443006041DC /* Classes */,
				38F7E8791E3624DC006041DC /* Custom */,
				38CE70BD1E309514009195D9 /* AppDelegate.h */,
				38CE70BE1E309514009195D9 /* AppDelegate.m */,
				38CE712B1E30C7DE009195D9 /* ViewControllers */,
				38CE70C31E309514009195D9 /* Main.storyboard */,
				38CE70C61E309514009195D9 /* Assets.xcassets */,
				38CE70C81E309514009195D9 /* LaunchScreen.storyboard */,
				38CE70CB1E309514009195D9 /* Info.plist */,
				38CE70BA1E309514009195D9 /* Supporting Files */,
			);
			path = AJOAuth2;
			sourceTree = "<group>";
		};
		38CE70BA1E309514009195D9 /* Supporting Files */ = {
			isa = PBXGroup;
			children = (
				38CE70BB1E309514009195D9 /* main.m */,
				38CE71221E30C69F009195D9 /* Constants.h */,
				38CE71231E30C69F009195D9 /* PrefixHeader.pch */,
				38CE71241E30C69F009195D9 /* en.json */,
				381952871E3243D000ACB611 /* hi.json */,
			);
			name = "Supporting Files";
			sourceTree = "<group>";
		};
		38CE70D31E309514009195D9 /* AJOAuth2Tests */ = {
			isa = PBXGroup;
			children = (
				38CE70D41E309514009195D9 /* AJOAuth2Tests.m */,
				38CE70D61E309514009195D9 /* Info.plist */,
			);
			path = AJOAuth2Tests;
			sourceTree = "<group>";
		};
		38CE70DE1E309514009195D9 /* AJOAuth2UITests */ = {
			isa = PBXGroup;
			children = (
				38CE70DF1E309514009195D9 /* AJOAuth2UITests.m */,
				38CE70E11E309514009195D9 /* Info.plist */,
			);
			path = AJOAuth2UITests;
			sourceTree = "<group>";
		};
		38CE712B1E30C7DE009195D9 /* ViewControllers */ = {
			isa = PBXGroup;
			children = (
				38CE712F1E30C800009195D9 /* HomeViewController.h */,
				38CE71301E30C800009195D9 /* HomeViewController.m */,
				381952721E31F6F900ACB611 /* HomeViewController.xib */,
				381952741E32122B00ACB611 /* LoginViewController.h */,
				381952751E32122B00ACB611 /* LoginViewController.m */,
				381952761E32122B00ACB611 /* LoginViewController.xib */,
				3819527C1E32124E00ACB611 /* SignupViewController.h */,
				3819527D1E32124E00ACB611 /* SignupViewController.m */,
				3819527E1E32124E00ACB611 /* SignupViewController.xib */,
				381952811E3219E300ACB611 /* ForgotPasswordViewController.h */,
				381952821E3219E300ACB611 /* ForgotPasswordViewController.m */,
				381952831E3219E300ACB611 /* ForgotPasswordViewController.xib */,
				38DC4FCE1E35ED1100C7FA3F /* CenterViewController.h */,
				38DC4FCF1E35ED1100C7FA3F /* CenterViewController.m */,
				38DC4FBC1E35ECED00C7FA3F /* LeftViewCell.h */,
				38DC4FBD1E35ECED00C7FA3F /* LeftViewCell.m */,
				38DC4FBE1E35ECED00C7FA3F /* LeftViewController.h */,
				38DC4FBF1E35ECED00C7FA3F /* LeftViewController.m */,
				38F7E8811E36983E006041DC /* ProfileViewController.h */,
				38F7E8821E36983E006041DC /* ProfileViewController.m */,
				38F7E8831E36983E006041DC /* ProfileViewController.xib */,
				381A7DFC1E48594200DD48C4 /* EditProfileViewController.h */,
				381A7DFD1E48594200DD48C4 /* EditProfileViewController.m */,
				381A7DFE1E48594200DD48C4 /* EditProfileViewController.xib */,
				381A7E011E4863CD00DD48C4 /* ChangePasswordViewController.h */,
				381A7E021E4863CD00DD48C4 /* ChangePasswordViewController.m */,
				381A7E031E4863CD00DD48C4 /* ChangePasswordViewController.xib */,
			);
			path = ViewControllers;
			sourceTree = "<group>";
		};
		38F7E8791E3624DC006041DC /* Custom */ = {
			isa = PBXGroup;
			children = (
				38F7E87A1E3624F6006041DC /* Helper.h */,
				38F7E87B1E3624F6006041DC /* Helper.m */,
			);
			name = Custom;
			sourceTree = "<group>";
		};
		38F7E87D1E364443006041DC /* Classes */ = {
			isa = PBXGroup;
			children = (
				38F7E87E1E364452006041DC /* User.h */,
				38F7E87F1E364452006041DC /* User.m */,
			);
			name = Classes;
			sourceTree = "<group>";
		};
		6A7DE0822C41CE98723DBC22 /* Frameworks */ = {
			isa = PBXGroup;
			children = (
				7F54441420E54454759C0EC9 /* Pods_AJOAuth2.framework */,
				ECD6C81F7B9D71FBD3A0206C /* Pods_AJOAuth2Tests.framework */,
				AC79854CEDD4329E4DC18B57 /* Pods_AJOAuth2UITests.framework */,
			);
			name = Frameworks;
			sourceTree = "<group>";
		};
		DD2D47D20A4064FDE8507E77 /* Pods */ = {
			isa = PBXGroup;
			children = (
				ED275739A825230D6B9EDDC2 /* Pods-AJOAuth2.debug.xcconfig */,
				32CFBDDB65C5AFD955798714 /* Pods-AJOAuth2.release.xcconfig */,
				A7C0D38D88CD2FAA9AF06842 /* Pods-AJOAuth2Tests.debug.xcconfig */,
				A74E82F248A8D9483A6CE143 /* Pods-AJOAuth2Tests.release.xcconfig */,
				6A517ED11854943A0AE8AB59 /* Pods-AJOAuth2UITests.debug.xcconfig */,
				721B5967C8E86645C431B85D /* Pods-AJOAuth2UITests.release.xcconfig */,
			);
			name = Pods;
			sourceTree = "<group>";
		};
/* End PBXGroup section */

/* Begin PBXNativeTarget section */
		38CE70B61E309514009195D9 /* AJOAuth2 */ = {
			isa = PBXNativeTarget;
			buildConfigurationList = 38CE70E41E309514009195D9 /* Build configuration list for PBXNativeTarget "AJOAuth2" */;
			buildPhases = (
				7D779159D54926AB7BCA7CFB /* [CP] Check Pods Manifest.lock */,
				38CE70B31E309514009195D9 /* Sources */,
				38CE70B41E309514009195D9 /* Frameworks */,
				38CE70B51E309514009195D9 /* Resources */,
				EE6A1C0BC8CEEDF0ED68A8BD /* [CP] Embed Pods Frameworks */,
				2F7266ED25A1329E6DAC2832 /* [CP] Copy Pods Resources */,
			);
			buildRules = (
			);
			dependencies = (
			);
			name = AJOAuth2;
			productName = AJOAuth2;
			productReference = 38CE70B71E309514009195D9 /* AJOAuth2.app */;
			productType = "com.apple.product-type.application";
		};
		38CE70CF1E309514009195D9 /* AJOAuth2Tests */ = {
			isa = PBXNativeTarget;
			buildConfigurationList = 38CE70E71E309514009195D9 /* Build configuration list for PBXNativeTarget "AJOAuth2Tests" */;
			buildPhases = (
				3AB2DAD9A03A8BD0F8F76705 /* [CP] Check Pods Manifest.lock */,
				38CE70CC1E309514009195D9 /* Sources */,
				38CE70CD1E309514009195D9 /* Frameworks */,
				38CE70CE1E309514009195D9 /* Resources */,
				86D996EDBFF6DE11D4D93B26 /* [CP] Embed Pods Frameworks */,
				BEA3951F9B7349F5DA3F99A1 /* [CP] Copy Pods Resources */,
			);
			buildRules = (
			);
			dependencies = (
				38CE70D21E309514009195D9 /* PBXTargetDependency */,
			);
			name = AJOAuth2Tests;
			productName = AJOAuth2Tests;
			productReference = 38CE70D01E309514009195D9 /* AJOAuth2Tests.xctest */;
			productType = "com.apple.product-type.bundle.unit-test";
		};
		38CE70DA1E309514009195D9 /* AJOAuth2UITests */ = {
			isa = PBXNativeTarget;
			buildConfigurationList = 38CE70EA1E309514009195D9 /* Build configuration list for PBXNativeTarget "AJOAuth2UITests" */;
			buildPhases = (
				7E734AD2411560DE82AA3282 /* [CP] Check Pods Manifest.lock */,
				38CE70D71E309514009195D9 /* Sources */,
				38CE70D81E309514009195D9 /* Frameworks */,
				38CE70D91E309514009195D9 /* Resources */,
				43A8F27470D7149121D4C461 /* [CP] Embed Pods Frameworks */,
				543AE3DF4C80E0D679FBEE1E /* [CP] Copy Pods Resources */,
			);
			buildRules = (
			);
			dependencies = (
				38CE70DD1E309514009195D9 /* PBXTargetDependency */,
			);
			name = AJOAuth2UITests;
			productName = AJOAuth2UITests;
			productReference = 38CE70DB1E309514009195D9 /* AJOAuth2UITests.xctest */;
			productType = "com.apple.product-type.bundle.ui-testing";
		};
/* End PBXNativeTarget section */

/* Begin PBXProject section */
		38CE70AF1E309514009195D9 /* Project object */ = {
			isa = PBXProject;
			attributes = {
				LastUpgradeCheck = 0820;
				ORGANIZATIONNAME = "Ashish Jabble";
				TargetAttributes = {
					38CE70B61E309514009195D9 = {
						CreatedOnToolsVersion = 8.2.1;
						ProvisioningStyle = Automatic;
					};
					38CE70CF1E309514009195D9 = {
						CreatedOnToolsVersion = 8.2.1;
						ProvisioningStyle = Automatic;
						TestTargetID = 38CE70B61E309514009195D9;
					};
					38CE70DA1E309514009195D9 = {
						CreatedOnToolsVersion = 8.2.1;
						ProvisioningStyle = Automatic;
						TestTargetID = 38CE70B61E309514009195D9;
					};
				};
			};
			buildConfigurationList = 38CE70B21E309514009195D9 /* Build configuration list for PBXProject "AJOAuth2" */;
			compatibilityVersion = "Xcode 3.2";
			developmentRegion = English;
			hasScannedForEncodings = 0;
			knownRegions = (
				en,
				Base,
			);
			mainGroup = 38CE70AE1E309514009195D9;
			productRefGroup = 38CE70B81E309514009195D9 /* Products */;
			projectDirPath = "";
			projectRoot = "";
			targets = (
				38CE70B61E309514009195D9 /* AJOAuth2 */,
				38CE70CF1E309514009195D9 /* AJOAuth2Tests */,
				38CE70DA1E309514009195D9 /* AJOAuth2UITests */,
			);
		};
/* End PBXProject section */

/* Begin PBXResourcesBuildPhase section */
		38CE70B51E309514009195D9 /* Resources */ = {
			isa = PBXResourcesBuildPhase;
			buildActionMask = 2147483647;
			files = (
				381A7E051E4863CD00DD48C4 /* ChangePasswordViewController.xib in Resources */,
				38CE70CA1E309514009195D9 /* LaunchScreen.storyboard in Resources */,
				38CE70C71E309514009195D9 /* Assets.xcassets in Resources */,
				38CE71251E30C69F009195D9 /* en.json in Resources */,
				381952851E3219E300ACB611 /* ForgotPasswordViewController.xib in Resources */,
				38CE70C51E309514009195D9 /* Main.storyboard in Resources */,
				381952731E31F6F900ACB611 /* HomeViewController.xib in Resources */,
				381952781E32122B00ACB611 /* LoginViewController.xib in Resources */,
				381952801E32124E00ACB611 /* SignupViewController.xib in Resources */,
				381A7E001E48594200DD48C4 /* EditProfileViewController.xib in Resources */,
				381952881E3243D000ACB611 /* hi.json in Resources */,
				38F7E8851E36983E006041DC /* ProfileViewController.xib in Resources */,
				38CE70F31E30A7FE009195D9 /* README.md in Resources */,
			);
			runOnlyForDeploymentPostprocessing = 0;
		};
		38CE70CE1E309514009195D9 /* Resources */ = {
			isa = PBXResourcesBuildPhase;
			buildActionMask = 2147483647;
			files = (
			);
			runOnlyForDeploymentPostprocessing = 0;
		};
		38CE70D91E309514009195D9 /* Resources */ = {
			isa = PBXResourcesBuildPhase;
			buildActionMask = 2147483647;
			files = (
			);
			runOnlyForDeploymentPostprocessing = 0;
		};
/* End PBXResourcesBuildPhase section */

/* Begin PBXShellScriptBuildPhase section */
		2F7266ED25A1329E6DAC2832 /* [CP] Copy Pods Resources */ = {
			isa = PBXShellScriptBuildPhase;
			buildActionMask = 2147483647;
			files = (
			);
			inputPaths = (
			);
			name = "[CP] Copy Pods Resources";
			outputPaths = (
			);
			runOnlyForDeploymentPostprocessing = 0;
			shellPath = /bin/sh;
			shellScript = "\"${SRCROOT}/Pods/Target Support Files/Pods-AJOAuth2/Pods-AJOAuth2-resources.sh\"\n";
			showEnvVarsInLog = 0;
		};
		3AB2DAD9A03A8BD0F8F76705 /* [CP] Check Pods Manifest.lock */ = {
			isa = PBXShellScriptBuildPhase;
			buildActionMask = 2147483647;
			files = (
			);
			inputPaths = (
			);
			name = "[CP] Check Pods Manifest.lock";
			outputPaths = (
			);
			runOnlyForDeploymentPostprocessing = 0;
			shellPath = /bin/sh;
			shellScript = "diff \"${PODS_ROOT}/../Podfile.lock\" \"${PODS_ROOT}/Manifest.lock\" > /dev/null\nif [ $? != 0 ] ; then\n    # print error to STDERR\n    echo \"error: The sandbox is not in sync with the Podfile.lock. Run 'pod install' or update your CocoaPods installation.\" >&2\n    exit 1\nfi\n";
			showEnvVarsInLog = 0;
		};
		43A8F27470D7149121D4C461 /* [CP] Embed Pods Frameworks */ = {
			isa = PBXShellScriptBuildPhase;
			buildActionMask = 2147483647;
			files = (
			);
			inputPaths = (
			);
			name = "[CP] Embed Pods Frameworks";
			outputPaths = (
			);
			runOnlyForDeploymentPostprocessing = 0;
			shellPath = /bin/sh;
			shellScript = "\"${SRCROOT}/Pods/Target Support Files/Pods-AJOAuth2UITests/Pods-AJOAuth2UITests-frameworks.sh\"\n";
			showEnvVarsInLog = 0;
		};
		543AE3DF4C80E0D679FBEE1E /* [CP] Copy Pods Resources */ = {
			isa = PBXShellScriptBuildPhase;
			buildActionMask = 2147483647;
			files = (
			);
			inputPaths = (
			);
			name = "[CP] Copy Pods Resources";
			outputPaths = (
			);
			runOnlyForDeploymentPostprocessing = 0;
			shellPath = /bin/sh;
			shellScript = "\"${SRCROOT}/Pods/Target Support Files/Pods-AJOAuth2UITests/Pods-AJOAuth2UITests-resources.sh\"\n";
			showEnvVarsInLog = 0;
		};
		7D779159D54926AB7BCA7CFB /* [CP] Check Pods Manifest.lock */ = {
			isa = PBXShellScriptBuildPhase;
			buildActionMask = 2147483647;
			files = (
			);
			inputPaths = (
			);
			name = "[CP] Check Pods Manifest.lock";
			outputPaths = (
			);
			runOnlyForDeploymentPostprocessing = 0;
			shellPath = /bin/sh;
			shellScript = "diff \"${PODS_ROOT}/../Podfile.lock\" \"${PODS_ROOT}/Manifest.lock\" > /dev/null\nif [ $? != 0 ] ; then\n    # print error to STDERR\n    echo \"error: The sandbox is not in sync with the Podfile.lock. Run 'pod install' or update your CocoaPods installation.\" >&2\n    exit 1\nfi\n";
			showEnvVarsInLog = 0;
		};
		7E734AD2411560DE82AA3282 /* [CP] Check Pods Manifest.lock */ = {
			isa = PBXShellScriptBuildPhase;
			buildActionMask = 2147483647;
			files = (
			);
			inputPaths = (
			);
			name = "[CP] Check Pods Manifest.lock";
			outputPaths = (
			);
			runOnlyForDeploymentPostprocessing = 0;
			shellPath = /bin/sh;
			shellScript = "diff \"${PODS_ROOT}/../Podfile.lock\" \"${PODS_ROOT}/Manifest.lock\" > /dev/null\nif [ $? != 0 ] ; then\n    # print error to STDERR\n    echo \"error: The sandbox is not in sync with the Podfile.lock. Run 'pod install' or update your CocoaPods installation.\" >&2\n    exit 1\nfi\n";
			showEnvVarsInLog = 0;
		};
		86D996EDBFF6DE11D4D93B26 /* [CP] Embed Pods Frameworks */ = {
			isa = PBXShellScriptBuildPhase;
			buildActionMask = 2147483647;
			files = (
			);
			inputPaths = (
			);
			name = "[CP] Embed Pods Frameworks";
			outputPaths = (
			);
			runOnlyForDeploymentPostprocessing = 0;
			shellPath = /bin/sh;
			shellScript = "\"${SRCROOT}/Pods/Target Support Files/Pods-AJOAuth2Tests/Pods-AJOAuth2Tests-frameworks.sh\"\n";
			showEnvVarsInLog = 0;
		};
		BEA3951F9B7349F5DA3F99A1 /* [CP] Copy Pods Resources */ = {
			isa = PBXShellScriptBuildPhase;
			buildActionMask = 2147483647;
			files = (
			);
			inputPaths = (
			);
			name = "[CP] Copy Pods Resources";
			outputPaths = (
			);
			runOnlyForDeploymentPostprocessing = 0;
			shellPath = /bin/sh;
			shellScript = "\"${SRCROOT}/Pods/Target Support Files/Pods-AJOAuth2Tests/Pods-AJOAuth2Tests-resources.sh\"\n";
			showEnvVarsInLog = 0;
		};
		EE6A1C0BC8CEEDF0ED68A8BD /* [CP] Embed Pods Frameworks */ = {
			isa = PBXShellScriptBuildPhase;
			buildActionMask = 2147483647;
			files = (
			);
			inputPaths = (
			);
			name = "[CP] Embed Pods Frameworks";
			outputPaths = (
			);
			runOnlyForDeploymentPostprocessing = 0;
			shellPath = /bin/sh;
			shellScript = "\"${SRCROOT}/Pods/Target Support Files/Pods-AJOAuth2/Pods-AJOAuth2-frameworks.sh\"\n";
			showEnvVarsInLog = 0;
		};
/* End PBXShellScriptBuildPhase section */

/* Begin PBXSourcesBuildPhase section */
		38CE70B31E309514009195D9 /* Sources */ = {
			isa = PBXSourcesBuildPhase;
			buildActionMask = 2147483647;
			files = (
				381952771E32122B00ACB611 /* LoginViewController.m in Sources */,
				38CE70BF1E309514009195D9 /* AppDelegate.m in Sources */,
				381A7DFF1E48594200DD48C4 /* EditProfileViewController.m in Sources */,
				38CE71311E30C800009195D9 /* HomeViewController.m in Sources */,
				38DC4FC91E35ECED00C7FA3F /* LeftViewController.m in Sources */,
				38DC4FC81E35ECED00C7FA3F /* LeftViewCell.m in Sources */,
				3819527F1E32124E00ACB611 /* SignupViewController.m in Sources */,
				38CE70BC1E309514009195D9 /* main.m in Sources */,
				38F7E8801E364452006041DC /* User.m in Sources */,
				38F7E87C1E3624F6006041DC /* Helper.m in Sources */,
				381952841E3219E300ACB611 /* ForgotPasswordViewController.m in Sources */,
				38F7E8841E36983E006041DC /* ProfileViewController.m in Sources */,
				381A7E041E4863CD00DD48C4 /* ChangePasswordViewController.m in Sources */,
				38DC4FD01E35ED1100C7FA3F /* CenterViewController.m in Sources */,
			);
			runOnlyForDeploymentPostprocessing = 0;
		};
		38CE70CC1E309514009195D9 /* Sources */ = {
			isa = PBXSourcesBuildPhase;
			buildActionMask = 2147483647;
			files = (
				38CE70D51E309514009195D9 /* AJOAuth2Tests.m in Sources */,
			);
			runOnlyForDeploymentPostprocessing = 0;
		};
		38CE70D71E309514009195D9 /* Sources */ = {
			isa = PBXSourcesBuildPhase;
			buildActionMask = 2147483647;
			files = (
				38CE70E01E309514009195D9 /* AJOAuth2UITests.m in Sources */,
			);
			runOnlyForDeploymentPostprocessing = 0;
		};
/* End PBXSourcesBuildPhase section */

/* Begin PBXTargetDependency section */
		38CE70D21E309514009195D9 /* PBXTargetDependency */ = {
			isa = PBXTargetDependency;
			target = 38CE70B61E309514009195D9 /* AJOAuth2 */;
			targetProxy = 38CE70D11E309514009195D9 /* PBXContainerItemProxy */;
		};
		38CE70DD1E309514009195D9 /* PBXTargetDependency */ = {
			isa = PBXTargetDependency;
			target = 38CE70B61E309514009195D9 /* AJOAuth2 */;
			targetProxy = 38CE70DC1E309514009195D9 /* PBXContainerItemProxy */;
		};
/* End PBXTargetDependency section */

/* Begin PBXVariantGroup section */
		38CE70C31E309514009195D9 /* Main.storyboard */ = {
			isa = PBXVariantGroup;
			children = (
				38CE70C41E309514009195D9 /* Base */,
			);
			name = Main.storyboard;
			sourceTree = "<group>";
		};
		38CE70C81E309514009195D9 /* LaunchScreen.storyboard */ = {
			isa = PBXVariantGroup;
			children = (
				38CE70C91E309514009195D9 /* Base */,
			);
			name = LaunchScreen.storyboard;
			sourceTree = "<group>";
		};
/* End PBXVariantGroup section */

/* Begin XCBuildConfiguration section */
		38CE70E21E309514009195D9 /* Debug */ = {
			isa = XCBuildConfiguration;
			buildSettings = {
				ALWAYS_SEARCH_USER_PATHS = NO;
				CLANG_ANALYZER_NONNULL = YES;
				CLANG_CXX_LANGUAGE_STANDARD = "gnu++0x";
				CLANG_CXX_LIBRARY = "libc++";
				CLANG_ENABLE_MODULES = YES;
				CLANG_ENABLE_OBJC_ARC = YES;
				CLANG_WARN_BOOL_CONVERSION = YES;
				CLANG_WARN_CONSTANT_CONVERSION = YES;
				CLANG_WARN_DIRECT_OBJC_ISA_USAGE = YES_ERROR;
				CLANG_WARN_DOCUMENTATION_COMMENTS = YES;
				CLANG_WARN_EMPTY_BODY = YES;
				CLANG_WARN_ENUM_CONVERSION = YES;
				CLANG_WARN_INFINITE_RECURSION = YES;
				CLANG_WARN_INT_CONVERSION = YES;
				CLANG_WARN_OBJC_ROOT_CLASS = YES_ERROR;
				CLANG_WARN_SUSPICIOUS_MOVE = YES;
				CLANG_WARN_UNREACHABLE_CODE = YES;
				CLANG_WARN__DUPLICATE_METHOD_MATCH = YES;
				"CODE_SIGN_IDENTITY[sdk=iphoneos*]" = "iPhone Developer";
				COPY_PHASE_STRIP = NO;
				DEBUG_INFORMATION_FORMAT = dwarf;
				ENABLE_STRICT_OBJC_MSGSEND = YES;
				ENABLE_TESTABILITY = YES;
				GCC_C_LANGUAGE_STANDARD = gnu99;
				GCC_DYNAMIC_NO_PIC = NO;
				GCC_NO_COMMON_BLOCKS = YES;
				GCC_OPTIMIZATION_LEVEL = 0;
				GCC_PREPROCESSOR_DEFINITIONS = (
					"DEBUG=1",
					"$(inherited)",
				);
				GCC_WARN_64_TO_32_BIT_CONVERSION = YES;
				GCC_WARN_ABOUT_RETURN_TYPE = YES_ERROR;
				GCC_WARN_UNDECLARED_SELECTOR = YES;
				GCC_WARN_UNINITIALIZED_AUTOS = YES_AGGRESSIVE;
				GCC_WARN_UNUSED_FUNCTION = YES;
				GCC_WARN_UNUSED_VARIABLE = YES;
				IPHONEOS_DEPLOYMENT_TARGET = 10.2;
				MTL_ENABLE_DEBUG_INFO = YES;
				ONLY_ACTIVE_ARCH = YES;
				SDKROOT = iphoneos;
				TARGETED_DEVICE_FAMILY = "1,2";
			};
			name = Debug;
		};
		38CE70E31E309514009195D9 /* Release */ = {
			isa = XCBuildConfiguration;
			buildSettings = {
				ALWAYS_SEARCH_USER_PATHS = NO;
				CLANG_ANALYZER_NONNULL = YES;
				CLANG_CXX_LANGUAGE_STANDARD = "gnu++0x";
				CLANG_CXX_LIBRARY = "libc++";
				CLANG_ENABLE_MODULES = YES;
				CLANG_ENABLE_OBJC_ARC = YES;
				CLANG_WARN_BOOL_CONVERSION = YES;
				CLANG_WARN_CONSTANT_CONVERSION = YES;
				CLANG_WARN_DIRECT_OBJC_ISA_USAGE = YES_ERROR;
				CLANG_WARN_DOCUMENTATION_COMMENTS = YES;
				CLANG_WARN_EMPTY_BODY = YES;
				CLANG_WARN_ENUM_CONVERSION = YES;
				CLANG_WARN_INFINITE_RECURSION = YES;
				CLANG_WARN_INT_CONVERSION = YES;
				CLANG_WARN_OBJC_ROOT_CLASS = YES_ERROR;
				CLANG_WARN_SUSPICIOUS_MOVE = YES;
				CLANG_WARN_UNREACHABLE_CODE = YES;
				CLANG_WARN__DUPLICATE_METHOD_MATCH = YES;
				"CODE_SIGN_IDENTITY[sdk=iphoneos*]" = "iPhone Developer";
				COPY_PHASE_STRIP = NO;
				DEBUG_INFORMATION_FORMAT = "dwarf-with-dsym";
				ENABLE_NS_ASSERTIONS = NO;
				ENABLE_STRICT_OBJC_MSGSEND = YES;
				GCC_C_LANGUAGE_STANDARD = gnu99;
				GCC_NO_COMMON_BLOCKS = YES;
				GCC_WARN_64_TO_32_BIT_CONVERSION = YES;
				GCC_WARN_ABOUT_RETURN_TYPE = YES_ERROR;
				GCC_WARN_UNDECLARED_SELECTOR = YES;
				GCC_WARN_UNINITIALIZED_AUTOS = YES_AGGRESSIVE;
				GCC_WARN_UNUSED_FUNCTION = YES;
				GCC_WARN_UNUSED_VARIABLE = YES;
				IPHONEOS_DEPLOYMENT_TARGET = 10.2;
				MTL_ENABLE_DEBUG_INFO = NO;
				SDKROOT = iphoneos;
				TARGETED_DEVICE_FAMILY = "1,2";
				VALIDATE_PRODUCT = YES;
			};
			name = Release;
		};
		38CE70E51E309514009195D9 /* Debug */ = {
			isa = XCBuildConfiguration;
			baseConfigurationReference = ED275739A825230D6B9EDDC2 /* Pods-AJOAuth2.debug.xcconfig */;
			buildSettings = {
				ASSETCATALOG_COMPILER_APPICON_NAME = AppIcon;
				ASSETCATALOG_COMPILER_LAUNCHIMAGE_NAME = LaunchImage;
				GCC_PRECOMPILE_PREFIX_HEADER = NO;
				INFOPLIST_FILE = AJOAuth2/Info.plist;
				IPHONEOS_DEPLOYMENT_TARGET = 9.3;
				LD_RUNPATH_SEARCH_PATHS = "$(inherited) @executable_path/Frameworks";
				PRODUCT_BUNDLE_IDENTIFIER = com.nerdapplabs.aj.AJOAuth2;
				PRODUCT_NAME = "$(TARGET_NAME)";
			};
			name = Debug;
		};
		38CE70E61E309514009195D9 /* Release */ = {
			isa = XCBuildConfiguration;
			baseConfigurationReference = 32CFBDDB65C5AFD955798714 /* Pods-AJOAuth2.release.xcconfig */;
			buildSettings = {
				ASSETCATALOG_COMPILER_APPICON_NAME = AppIcon;
				ASSETCATALOG_COMPILER_LAUNCHIMAGE_NAME = LaunchImage;
				GCC_PRECOMPILE_PREFIX_HEADER = NO;
				INFOPLIST_FILE = AJOAuth2/Info.plist;
				IPHONEOS_DEPLOYMENT_TARGET = 9.3;
				LD_RUNPATH_SEARCH_PATHS = "$(inherited) @executable_path/Frameworks";
				PRODUCT_BUNDLE_IDENTIFIER = com.nerdapplabs.aj.AJOAuth2;
				PRODUCT_NAME = "$(TARGET_NAME)";
			};
			name = Release;
		};
		38CE70E81E309514009195D9 /* Debug */ = {
			isa = XCBuildConfiguration;
			baseConfigurationReference = A7C0D38D88CD2FAA9AF06842 /* Pods-AJOAuth2Tests.debug.xcconfig */;
			buildSettings = {
				BUNDLE_LOADER = "$(TEST_HOST)";
				INFOPLIST_FILE = AJOAuth2Tests/Info.plist;
				LD_RUNPATH_SEARCH_PATHS = "$(inherited) @executable_path/Frameworks @loader_path/Frameworks";
				PRODUCT_BUNDLE_IDENTIFIER = com.nerdapplabs.aj.AJOAuth2Tests;
				PRODUCT_NAME = "$(TARGET_NAME)";
				TEST_HOST = "$(BUILT_PRODUCTS_DIR)/AJOAuth2.app/AJOAuth2";
			};
			name = Debug;
		};
		38CE70E91E309514009195D9 /* Release */ = {
			isa = XCBuildConfiguration;
			baseConfigurationReference = A74E82F248A8D9483A6CE143 /* Pods-AJOAuth2Tests.release.xcconfig */;
			buildSettings = {
				BUNDLE_LOADER = "$(TEST_HOST)";
				INFOPLIST_FILE = AJOAuth2Tests/Info.plist;
				LD_RUNPATH_SEARCH_PATHS = "$(inherited) @executable_path/Frameworks @loader_path/Frameworks";
				PRODUCT_BUNDLE_IDENTIFIER = com.nerdapplabs.aj.AJOAuth2Tests;
				PRODUCT_NAME = "$(TARGET_NAME)";
				TEST_HOST = "$(BUILT_PRODUCTS_DIR)/AJOAuth2.app/AJOAuth2";
			};
			name = Release;
		};
		38CE70EB1E309514009195D9 /* Debug */ = {
			isa = XCBuildConfiguration;
			baseConfigurationReference = 6A517ED11854943A0AE8AB59 /* Pods-AJOAuth2UITests.debug.xcconfig */;
			buildSettings = {
				INFOPLIST_FILE = AJOAuth2UITests/Info.plist;
				LD_RUNPATH_SEARCH_PATHS = "$(inherited) @executable_path/Frameworks @loader_path/Frameworks";
				PRODUCT_BUNDLE_IDENTIFIER = com.nerdapplabs.aj.AJOAuth2UITests;
				PRODUCT_NAME = "$(TARGET_NAME)";
				TEST_TARGET_NAME = AJOAuth2;
			};
			name = Debug;
		};
		38CE70EC1E309514009195D9 /* Release */ = {
			isa = XCBuildConfiguration;
			baseConfigurationReference = 721B5967C8E86645C431B85D /* Pods-AJOAuth2UITests.release.xcconfig */;
			buildSettings = {
				INFOPLIST_FILE = AJOAuth2UITests/Info.plist;
				LD_RUNPATH_SEARCH_PATHS = "$(inherited) @executable_path/Frameworks @loader_path/Frameworks";
				PRODUCT_BUNDLE_IDENTIFIER = com.nerdapplabs.aj.AJOAuth2UITests;
				PRODUCT_NAME = "$(TARGET_NAME)";
				TEST_TARGET_NAME = AJOAuth2;
			};
			name = Release;
		};
/* End XCBuildConfiguration section */

/* Begin XCConfigurationList section */
		38CE70B21E309514009195D9 /* Build configuration list for PBXProject "AJOAuth2" */ = {
			isa = XCConfigurationList;
			buildConfigurations = (
				38CE70E21E309514009195D9 /* Debug */,
				38CE70E31E309514009195D9 /* Release */,
			);
			defaultConfigurationIsVisible = 0;
			defaultConfigurationName = Release;
		};
		38CE70E41E309514009195D9 /* Build configuration list for PBXNativeTarget "AJOAuth2" */ = {
			isa = XCConfigurationList;
			buildConfigurations = (
				38CE70E51E309514009195D9 /* Debug */,
				38CE70E61E309514009195D9 /* Release */,
			);
			defaultConfigurationIsVisible = 0;
			defaultConfigurationName = Release;
		};
		38CE70E71E309514009195D9 /* Build configuration list for PBXNativeTarget "AJOAuth2Tests" */ = {
			isa = XCConfigurationList;
			buildConfigurations = (
				38CE70E81E309514009195D9 /* Debug */,
				38CE70E91E309514009195D9 /* Release */,
			);
			defaultConfigurationIsVisible = 0;
			defaultConfigurationName = Release;
		};
		38CE70EA1E309514009195D9 /* Build configuration list for PBXNativeTarget "AJOAuth2UITests" */ = {
			isa = XCConfigurationList;
			buildConfigurations = (
				38CE70EB1E309514009195D9 /* Debug */,
				38CE70EC1E309514009195D9 /* Release */,
			);
			defaultConfigurationIsVisible = 0;
			defaultConfigurationName = Release;
		};
/* End XCConfigurationList section */
	};
	rootObject = 38CE70AF1E309514009195D9 /* Project object */;
}
